# This file is generated by craft.
version = 1
manifest = "Craft.toml"
manifest-digest = "fnv1a64:802c2d4cda3a4538"

[[package]]
id = "regex 0.1.0 root"
name = "regex"
version = "0.1.0"
source = "root"
manifest = "Craft.toml"
manifest-digest = "fnv1a64:802c2d4cda3a4538"

[[package-target]]
package = "regex 0.1.0 root"
kind = "lib"
root = "src/lib.kn"

[[package-target]]
package = "regex 0.1.0 root"
kind = "test"
name = "smoke"
root = "tests/smoke.kn"

[[package-target]]
package = "regex 0.1.0 root"
kind = "test"
name = "api_compile"
root = "tests/api_compile.kn"

[[publish-proof]]
package-id = "regex 0.1.0 root"
path = "."
package = "regex"
version = "0.1.0"
kern = "0.7.7"
description = "Byte-oriented regular expressions for Kern"
license = "MIT"
authors = ["softfault <givenyoung46@gmail.com>"]
readme = "README.md"
repository = "https://github.com/softfault/regex-kern.git"
manifest-sha256 = "sha256:b58f55fd0fa3ff88ceddf3eda2464e38826f5afbfe40186d09c7b41b747d8c31"
source-sha256 = "sha256:4568d86dbe2db6412ddc62ae8f52d4189562f94a4d4f9412f4bfe0cc7750fae8"
