# This file is generated by craft.
version = 1
manifest = "Craft.toml"
manifest-digest = "fnv1a64:aa21d78722d309a3"

[[package]]
id = "regex 0.1.0 root"
name = "regex"
version = "0.1.0"
source = "root"
manifest = "Craft.toml"
manifest-digest = "fnv1a64:aa21d78722d309a3"

[[package-target]]
package = "regex 0.1.0 root"
kind = "lib"
root = "src/lib.kn"

[[package-target]]
package = "regex 0.1.0 root"
kind = "test"
name = "smoke"
root = "tests/smoke.kn"

[[package-target]]
package = "regex 0.1.0 root"
kind = "test"
name = "api_compile"
root = "tests/api_compile.kn"

[[publish-proof]]
package-id = "regex 0.1.0 root"
package = "regex"
version = "0.1.0"
kern = "0.7.6"
repository = "https://github.com/softfault/regex-kern.git"
manifest-sha256 = "sha256:5fb8f6e1d19c9dda0eb6d8f5f9031a6df30843578a8d14913270689feb0b7d24"
source-sha256 = "sha256:d0315b718afb4b4ce73c0aa4ca618de3b72069e4e3f9fed038668dc360780331"
