# This file is generated by craft.
version = 1
manifest = "Craft.toml"
manifest-digest = "fnv1a64:d3c30201aa643d5f"

[[package]]
id = "regex 0.1.0 root"
name = "regex"
version = "0.1.0"
source = "root"
manifest = "Craft.toml"
manifest-digest = "fnv1a64:d3c30201aa643d5f"

[[package-target]]
package = "regex 0.1.0 root"
kind = "lib"
root = "src/lib.rn"

[[package-target]]
package = "regex 0.1.0 root"
kind = "test"
name = "smoke"
root = "tests/smoke.rn"

[[package-target]]
package = "regex 0.1.0 root"
kind = "test"
name = "api_compile"
root = "tests/api_compile.rn"

[[publish-proof]]
package-id = "regex 0.1.0 root"
package = "regex"
version = "0.1.0"
kern = "0.7.5"
repository = "https://github.com/softfault/regex-kern.git"
manifest-sha256 = "sha256:6dec399453402518041431929c3ec70bd256f350b8979f74c5a022c4874fa5c6"
source-sha256 = "sha256:6071f04ef35ac12214ea2522b87e21099a015b6924256f43e715a276517642ac"
